
Microsoft Visual Studio Solution File, Format Version 12.00
# Visual Studio Version 16
VisualStudioVersion = 25.0.1704.3
MinimumVisualStudioVersion = 10.0.40219.1
Project("{FAE04EC0-301F-11D3-BF4B-00C04F79EFBC}") = "Multiplication", "Multiplication\Multiplication.csproj", "{7392E99E-B60C-4DCB-91BB-A89B62D633ED}"
EndProject
Global
	GlobalSection(SolutionConfigurationPlatforms) = preSolution
		Debug|Any CPU = Debug|Any CPU
		Release|Any CPU = Release|Any CPU
	EndGlobalSection
	GlobalSection(ProjectConfigurationPlatforms) = postSolution
		{7392E99E-B60C-4DCB-91BB-A89B62D633ED}.Debug|Any CPU.ActiveCfg = Debug|Any CPU
		{7392E99E-B60C-4DCB-91BB-A89B62D633ED}.Debug|Any CPU.Build.0 = Debug|Any CPU
		{7392E99E-B60C-4DCB-91BB-A89B62D633ED}.Release|Any CPU.ActiveCfg = Release|Any CPU
		{7392E99E-B60C-4DCB-91BB-A89B62D633ED}.Release|Any CPU.Build.0 = Release|Any CPU
	EndGlobalSection
	GlobalSection(SolutionProperties) = preSolution
		HideSolutionNode = FALSE
	EndGlobalSection
	GlobalSection(ExtensibilityGlobals) = postSolution
		SolutionGuid = {608A9B46-2CEB-4966-B44B-A79E96867027}
	EndGlobalSection
EndGlobal
